{
  "name": "next-auth-example",
  "lockfileVersion": 2,
  "requires": true,
  "packages": {
    "": {
      "dependencies": {
        "next": "v12.2.5-canary.4",
        "next-auth": "latest",
        "nodemailer": "^6",
        "react": "^18.2.0",
        "react-dom": "^18.2.0"
      },
      "devDependencies": {
        "@types/node": "^17",
        "@types/react": "^18.0.15",
        "typescript": "^4"
      }
    },
    "node_modules/@babel/runtime": {
      "version": "7.18.9",
      "resolved": "https://registry.npmjs.org/@babel/runtime/-/runtime-7.18.9.tgz",
      "integrity": "sha512-lkqXDcvlFT5rvEjiu6+QYO+1GXrEHRo2LOtS7E4GtX5ESIZOgepqsZBVIj6Pv+a6zqsya9VCgiK1KAK4BvJDAw==",
      "dependencies": {
        "regenerator-runtime": "^0.13.4"
      },
      "engines": {
        "node": ">=6.9.0"
      }
    },
    "node_modules/@next/env": {
      "version": "12.2.5-canary.4",
      "resolved": "https://registry.npmjs.org/@next/env/-/env-12.2.5-canary.4.tgz",
      "integrity": "sha512-zg1HLMDwV+tSArHTytwtHDk1WNkC/jkLj1c6QsJ09J4pcA716YNsh5RAe+4mniKk/S5PQoMwM+hDT2LIiWas2g=="
    },
    "node_modules/@next/swc-android-arm-eabi": {
      "version": "12.2.5-canary.4",
      "resolved": "https://registry.npmjs.org/@next/swc-android-arm-eabi/-/swc-android-arm-eabi-12.2.5-canary.4.tgz",
      "integrity": "sha512-Akd9rpyrsmmv6+5LBvV6ZGMr4hj+QyYoWUn2mnXYnNRi9XKeu2yX9lQWGCYVGRPVxrZ7/Fu2Egqp4xBId/EsTw==",
      "cpu": [
        "arm"
      ],
      "optional": true,
      "os": [
        "android"
      ],
      "engines": {
        "node": ">= 10"
      }
    },
    "node_modules/@next/swc-android-arm64": {
      "version": "12.2.5-canary.4",
      "resolved": "https://registry.npmjs.org/@next/swc-android-arm64/-/swc-android-arm64-12.2.5-canary.4.tgz",
      "integrity": "sha512-UR9WtowrjQB3+PnG1Wk5liaUGoOchg1dQelQTuTN2fGBwX0OCboKvk+O3e4BXSr+t3Ugi7UlgoRmWUe/Yl2Ekg==",
      "cpu": [
        "arm64"
      ],
      "optional": true,
      "os": [
        "android"
      ],
      "engines": {
        "node": ">= 10"
      }
    },
    "node_modules/@next/swc-darwin-arm64": {
      "version": "12.2.5-canary.4",
      "resolved": "https://registry.npmjs.org/@next/swc-darwin-arm64/-/swc-darwin-arm64-12.2.5-canary.4.tgz",
      "integrity": "sha512-dtkI6lx96Br10KlIt0OP12j49Anu26XwpAVUAqgttmCdpU3IsoTEJEWhlXDU5JqjSEZEX9WcB+FMXeiSAanM4w==",
      "cpu": [
        "arm64"
      ],
      "optional": true,
      "os": [
        "darwin"
      ],
      "engines": {
        "node": ">= 10"
      }
    },
    "node_modules/@next/swc-darwin-x64": {
      "version": "12.2.5-canary.4",
      "resolved": "https://registry.npmjs.org/@next/swc-darwin-x64/-/swc-darwin-x64-12.2.5-canary.4.tgz",
      "integrity": "sha512-6hwXnGD9hYOm7FVXhSDnLC2lMHXqeFQn4vviNF0wLzeFTjB3Tb2R0Db45L1g7gfs2KI6U0xdwrpL842LsY4Wlg==",
      "cpu": [
        "x64"
      ],
      "optional": true,
      "os": [
        "darwin"
      ],
      "engines": {
        "node": ">= 10"
      }
    },
    "node_modules/@next/swc-freebsd-x64": {
      "version": "12.2.5-canary.4",
      "resolved": "https://registry.npmjs.org/@next/swc-freebsd-x64/-/swc-freebsd-x64-12.2.5-canary.4.tgz",
      "integrity": "sha512-mv8IrHIxxaOgah5P8pfhmqSCBpvzbmnyNBIIp1UMh0x0jElUBrCrNbz1dHPu5XmROEuigvfVp3yEBRrM5AIp/w==",
      "cpu": [
        "x64"
      ],
      "optional": true,
      "os": [
        "freebsd"
      ],
      "engines": {
        "node": ">= 10"
      }
    },
    "node_modules/@next/swc-linux-arm-gnueabihf": {
      "version": "12.2.5-canary.4",
      "resolved": "https://registry.npmjs.org/@next/swc-linux-arm-gnueabihf/-/swc-linux-arm-gnueabihf-12.2.5-canary.4.tgz",
      "integrity": "sha512-PP0LXA9g1byV9j6+eLuLdPpS+DII0AkXvkgBJvcLAY5tuZeMfloRsPUuglbX/K+4WIlNU3kpf24SEBsuM0tVIA==",
      "cpu": [
        "arm"
      ],
      "optional": true,
      "os": [
        "linux"
      ],
      "engines": {
        "node": ">= 10"
      }
    },
    "node_modules/@next/swc-linux-arm64-gnu": {
      "version": "12.2.5-canary.4",
      "resolved": "https://registry.npmjs.org/@next/swc-linux-arm64-gnu/-/swc-linux-arm64-gnu-12.2.5-canary.4.tgz",
      "integrity": "sha512-GqzYxIuQeEbja8KUTW/Uj/ksP4cnYMj9SyOjQ3Ijl5bnszylsQgaHyJwwODoX/qbqhDeYj77z7ZJktfgBKo0Bg==",
      "cpu": [
        "arm64"
      ],
      "optional": true,
      "os": [
        "linux"
      ],
      "engines": {
        "node": ">= 10"
      }
    },
    "node_modules/@next/swc-linux-arm64-musl": {
      "version": "12.2.5-canary.4",
      "resolved": "https://registry.npmjs.org/@next/swc-linux-arm64-musl/-/swc-linux-arm64-musl-12.2.5-canary.4.tgz",
      "integrity": "sha512-f7OHc0l2LIY7Q+898Zk53Qj6jx6Ay9CIram1JT4xDmOBx34D34WFnbmwf5hcKxbK0SVaWB6rYynJVAgH1DkkzQ==",
      "cpu": [
        "arm64"
      ],
      "optional": true,
      "os": [
        "linux"
      ],
      "engines": {
        "node": ">= 10"
      }
    },
    "node_modules/@next/swc-linux-x64-gnu": {
      "version": "12.2.5-canary.4",
      "resolved": "https://registry.npmjs.org/@next/swc-linux-x64-gnu/-/swc-linux-x64-gnu-12.2.5-canary.4.tgz",
      "integrity": "sha512-2tMSC9BEeXsmNvzu0gdLapr4R9KQS/1Ir+O/j2sfmVSIvCZl49k6JTpsbP7YAB2vBnflwvA3Mt9KtYu9C39AVg==",
      "cpu": [
        "x64"
      ],
      "optional": true,
      "os": [
        "linux"
      ],
      "engines": {
        "node": ">= 10"
      }
    },
    "node_modules/@next/swc-linux-x64-musl": {
      "version": "12.2.5-canary.4",
      "resolved": "https://registry.npmjs.org/@next/swc-linux-x64-musl/-/swc-linux-x64-musl-12.2.5-canary.4.tgz",
      "integrity": "sha512-9ASdeW9WIvw3/HC5gxaPvGd9ozNCZE2bPqYYZeAY55dC5JcEQlx66xeCh7Nxz7oRVyGHP1E5b+y598rBQ/HNwQ==",
      "cpu": [
        "x64"
      ],
      "optional": true,
      "os": [
        "linux"
      ],
      "engines": {
        "node": ">= 10"
      }
    },
    "node_modules/@next/swc-win32-arm64-msvc": {
      "version": "12.2.5-canary.4",
      "resolved": "https://registry.npmjs.org/@next/swc-win32-arm64-msvc/-/swc-win32-arm64-msvc-12.2.5-canary.4.tgz",
      "integrity": "sha512-CK/EyHxmpRzTm3Yg9CxSdxy9HRDtniQOD907KZ2nrd1cdfGrY7ZJMgGOv6uxdNhHlGWNWYiVOk6RI5yGM8IX5w==",
      "cpu": [
        "arm64"
      ],
      "optional": true,
      "os": [
        "win32"
      ],
      "engines": {
        "node": ">= 10"
      }
    },
    "node_modules/@next/swc-win32-ia32-msvc": {
      "version": "12.2.5-canary.4",
      "resolved": "https://registry.npmjs.org/@next/swc-win32-ia32-msvc/-/swc-win32-ia32-msvc-12.2.5-canary.4.tgz",
      "integrity": "sha512-+Xi/2l61HxlAsex6T28D64XZAfXPfn+UGnXl2iXtzKqYO9rhFO4erbLpMkJXKMJaH5Nn7MnT4nX3hVSl9adQ2A==",
      "cpu": [
        "ia32"
      ],
      "optional": true,
      "os": [
        "win32"
      ],
      "engines": {
        "node": ">= 10"
      }
    },
    "node_modules/@next/swc-win32-x64-msvc": {
      "version": "12.2.5-canary.4",
      "resolved": "https://registry.npmjs.org/@next/swc-win32-x64-msvc/-/swc-win32-x64-msvc-12.2.5-canary.4.tgz",
      "integrity": "sha512-VgEYUZYQnSCZMahezzROwPeMu9paH8EvCtAd0koRs7e6Zi67ERpwSCbRnaT+foKha69Re0WzGUrkvTjo1hP7ZQ==",
      "cpu": [
        "x64"
      ],
      "optional": true,
      "os": [
        "win32"
      ],
      "engines": {
        "node": ">= 10"
      }
    },
    "node_modules/@panva/hkdf": {
      "version": "1.0.2",
      "resolved": "https://registry.npmjs.org/@panva/hkdf/-/hkdf-1.0.2.tgz",
      "integrity": "sha512-MSAs9t3Go7GUkMhpKC44T58DJ5KGk2vBo+h1cqQeqlMfdGkxaVB78ZWpv9gYi/g2fa4sopag9gJsNvS8XGgWJA==",
      "funding": {
        "url": "https://github.com/sponsors/panva"
      }
    },
    "node_modules/@swc/helpers": {
      "version": "0.4.3",
      "resolved": "https://registry.npmjs.org/@swc/helpers/-/helpers-0.4.3.tgz",
      "integrity": "sha512-6JrF+fdUK2zbGpJIlN7G3v966PQjyx/dPt1T9km2wj+EUBqgrxCk3uX4Kct16MIm9gGxfKRcfax2hVf5jvlTzA==",
      "dependencies": {
        "tslib": "^2.4.0"
      }
    },
    "node_modules/@types/node": {
      "version": "17.0.45",
      "resolved": "https://registry.npmjs.org/@types/node/-/node-17.0.45.tgz",
      "integrity": "sha512-w+tIMs3rq2afQdsPJlODhoUEKzFP1ayaoyl1CcnwtIlsVe7K7bA1NGm4s3PraqTLlXnbIN84zuBlxBWo1u9BLw==",
      "dev": true
    },
    "node_modules/@types/prop-types": {
      "version": "15.7.5",
      "resolved": "https://registry.npmjs.org/@types/prop-types/-/prop-types-15.7.5.tgz",
      "integrity": "sha512-JCB8C6SnDoQf0cNycqd/35A7MjcnK+ZTqE7judS6o7utxUCg6imJg3QK2qzHKszlTjcj2cn+NwMB2i96ubpj7w==",
      "dev": true
    },
    "node_modules/@types/react": {
      "version": "18.0.17",
      "resolved": "https://registry.npmjs.org/@types/react/-/react-18.0.17.tgz",
      "integrity": "sha512-38ETy4tL+rn4uQQi7mB81G7V1g0u2ryquNmsVIOKUAEIDK+3CUjZ6rSRpdvS99dNBnkLFL83qfmtLacGOTIhwQ==",
      "dev": true,
      "dependencies": {
        "@types/prop-types": "*",
        "@types/scheduler": "*",
        "csstype": "^3.0.2"
      }
    },
    "node_modules/@types/scheduler": {
      "version": "0.16.2",
      "resolved": "https://registry.npmjs.org/@types/scheduler/-/scheduler-0.16.2.tgz",
      "integrity": "sha512-hppQEBDmlwhFAXKJX2KnWLYu5yMfi91yazPb2l+lbJiwW+wdo1gNeRA+3RgNSO39WYX2euey41KEwnqesU2Jew==",
      "dev": true
    },
    "node_modules/caniuse-lite": {
      "version": "1.0.30001375",
      "resolved": "https://registry.npmjs.org/caniuse-lite/-/caniuse-lite-1.0.30001375.tgz",
      "integrity": "sha512-kWIMkNzLYxSvnjy0hL8w1NOaWNr2rn39RTAVyIwcw8juu60bZDWiF1/loOYANzjtJmy6qPgNmn38ro5Pygagdw==",
      "funding": [
        {
          "type": "opencollective",
          "url": "https://opencollective.com/browserslist"
        },
        {
          "type": "tidelift",
          "url": "https://tidelift.com/funding/github/npm/caniuse-lite"
        }
      ]
    },
    "node_modules/cookie": {
      "version": "0.4.2",
      "resolved": "https://registry.npmjs.org/cookie/-/cookie-0.4.2.tgz",
      "integrity": "sha512-aSWTXFzaKWkvHO1Ny/s+ePFpvKsPnjc551iI41v3ny/ow6tBG5Vd+FuqGNhh1LxOmVzOlGUriIlOaokOvhaStA==",
      "engines": {
        "node": ">= 0.6"
      }
    },
    "node_modules/csstype": {
      "version": "3.1.0",
      "resolved": "https://registry.npmjs.org/csstype/-/csstype-3.1.0.tgz",
      "integrity": "sha512-uX1KG+x9h5hIJsaKR9xHUeUraxf8IODOwq9JLNPq6BwB04a/xgpq3rcx47l5BZu5zBPlgD342tdke3Hom/nJRA==",
      "dev": true
    },
    "node_modules/jose": {
      "version": "4.8.3",
      "resolved": "https://registry.npmjs.org/jose/-/jose-4.8.3.tgz",
      "integrity": "sha512-7rySkpW78d8LBp4YU70Wb7+OTgE3OwAALNVZxhoIhp4Kscp+p/fBkdpxGAMKxvCAMV4QfXBU9m6l9nX/vGwd2g==",
      "funding": {
        "url": "https://github.com/sponsors/panva"
      }
    },
    "node_modules/js-tokens": {
      "version": "4.0.0",
      "resolved": "https://registry.npmjs.org/js-tokens/-/js-tokens-4.0.0.tgz",
      "integrity": "sha512-RdJUflcE3cUzKiMqQgsCu06FPu9UdIJO0beYbPhHN4k6apgJtifcoCtT9bcxOpYBtpD2kCM6Sbzg4CausW/PKQ=="
    },
    "node_modules/loose-envify": {
      "version": "1.4.0",
      "resolved": "https://registry.npmjs.org/loose-envify/-/loose-envify-1.4.0.tgz",
      "integrity": "sha512-lyuxPGr/Wfhrlem2CL/UcnUc1zcqKAImBDzukY7Y5F/yQiNdko6+fRLevlw1HgMySw7f611UIY408EtxRSoK3Q==",
      "dependencies": {
        "js-tokens": "^3.0.0 || ^4.0.0"
      },
      "bin": {
        "loose-envify": "cli.js"
      }
    },
    "node_modules/lru-cache": {
      "version": "6.0.0",
      "resolved": "https://registry.npmjs.org/lru-cache/-/lru-cache-6.0.0.tgz",
      "integrity": "sha512-Jo6dJ04CmSjuznwJSS3pUeWmd/H0ffTlkXXgwZi+eq1UCmqQwCh+eLsYOYCwY991i2Fah4h1BEMCx4qThGbsiA==",
      "dependencies": {
        "yallist": "^4.0.0"
      },
      "engines": {
        "node": ">=10"
      }
    },
    "node_modules/nanoid": {
      "version": "3.3.4",
      "resolved": "https://registry.npmjs.org/nanoid/-/nanoid-3.3.4.tgz",
      "integrity": "sha512-MqBkQh/OHTS2egovRtLk45wEyNXwF+cokD+1YPf9u5VfJiRdAiRwB2froX5Co9Rh20xs4siNPm8naNotSD6RBw==",
      "bin": {
        "nanoid": "bin/nanoid.cjs"
      },
      "engines": {
        "node": "^10 || ^12 || ^13.7 || ^14 || >=15.0.1"
      }
    },
    "node_modules/next": {
      "version": "12.2.5-canary.4",
      "resolved": "https://registry.npmjs.org/next/-/next-12.2.5-canary.4.tgz",
      "integrity": "sha512-RHXm6ZfG5HsLM63E/NgOvl8CT5kUy+RlEdW4rqpF0gSVK5qj8H/E/zXcc1QKwGQy2ndyKwVo2n1s00E1Fy661g==",
      "dependencies": {
        "@next/env": "12.2.5-canary.4",
        "@swc/helpers": "0.4.3",
        "caniuse-lite": "^1.0.30001332",
        "postcss": "8.4.14",
        "use-sync-external-store": "1.2.0"
      },
      "bin": {
        "next": "dist/bin/next"
      },
      "engines": {
        "node": ">=12.22.0"
      },
      "optionalDependencies": {
        "@next/swc-android-arm-eabi": "12.2.5-canary.4",
        "@next/swc-android-arm64": "12.2.5-canary.4",
        "@next/swc-darwin-arm64": "12.2.5-canary.4",
        "@next/swc-darwin-x64": "12.2.5-canary.4",
        "@next/swc-freebsd-x64": "12.2.5-canary.4",
        "@next/swc-linux-arm-gnueabihf": "12.2.5-canary.4",
        "@next/swc-linux-arm64-gnu": "12.2.5-canary.4",
        "@next/swc-linux-arm64-musl": "12.2.5-canary.4",
        "@next/swc-linux-x64-gnu": "12.2.5-canary.4",
        "@next/swc-linux-x64-musl": "12.2.5-canary.4",
        "@next/swc-win32-arm64-msvc": "12.2.5-canary.4",
        "@next/swc-win32-ia32-msvc": "12.2.5-canary.4",
        "@next/swc-win32-x64-msvc": "12.2.5-canary.4"
      },
      "peerDependencies": {
        "fibers": ">= 3.1.0",
        "node-sass": "^6.0.0 || ^7.0.0",
        "react": "^17.0.2 || ^18.0.0-0",
        "react-dom": "^17.0.2 || ^18.0.0-0",
        "sass": "^1.3.0"
      },
      "peerDependenciesMeta": {
        "fibers": {
          "optional": true
        },
        "node-sass": {
          "optional": true
        },
        "sass": {
          "optional": true
        }
      }
    },
    "node_modules/next-auth": {
      "version": "4.10.3",
      "resolved": "https://registry.npmjs.org/next-auth/-/next-auth-4.10.3.tgz",
      "integrity": "sha512-7zc4aXYc/EEln7Pkcsn21V1IevaTZsMLJwapfbnKA4+JY0+jFzWbt5p/ljugesGIrN4VOZhpZIw50EaFZyghJQ==",
      "dependencies": {
        "@babel/runtime": "^7.16.3",
        "@panva/hkdf": "^1.0.1",
        "cookie": "^0.4.1",
        "jose": "^4.3.7",
        "oauth": "^0.9.15",
        "openid-client": "^5.1.0",
        "preact": "^10.6.3",
        "preact-render-to-string": "^5.1.19",
        "uuid": "^8.3.2"
      },
      "engines": {
        "node": "^12.19.0 || ^14.15.0 || ^16.13.0"
      },
      "peerDependencies": {
        "nodemailer": "^6.6.5",
        "react": "^17.0.2 || ^18",
        "react-dom": "^17.0.2 || ^18"
      },
      "peerDependenciesMeta": {
        "nodemailer": {
          "optional": true
        }
      }
    },
    "node_modules/nodemailer": {
      "version": "6.7.7",
      "resolved": "https://registry.npmjs.org/nodemailer/-/nodemailer-6.7.7.tgz",
      "integrity": "sha512-pOLC/s+2I1EXuSqO5Wa34i3kXZG3gugDssH+ZNCevHad65tc8vQlCQpOLaUjopvkRQKm2Cki2aME7fEOPRy3bA==",
      "engines": {
        "node": ">=6.0.0"
      }
    },
    "node_modules/oauth": {
      "version": "0.9.15",
      "resolved": "https://registry.npmjs.org/oauth/-/oauth-0.9.15.tgz",
      "integrity": "sha512-a5ERWK1kh38ExDEfoO6qUHJb32rd7aYmPHuyCu3Fta/cnICvYmgd2uhuKXvPD+PXB+gCEYYEaQdIRAjCOwAKNA=="
    },
    "node_modules/object-hash": {
      "version": "2.2.0",
      "resolved": "https://registry.npmjs.org/object-hash/-/object-hash-2.2.0.tgz",
      "integrity": "sha512-gScRMn0bS5fH+IuwyIFgnh9zBdo4DV+6GhygmWM9HyNJSgS0hScp1f5vjtm7oIIOiT9trXrShAkLFSc2IqKNgw==",
      "engines": {
        "node": ">= 6"
      }
    },
    "node_modules/oidc-token-hash": {
      "version": "5.0.1",
      "resolved": "https://registry.npmjs.org/oidc-token-hash/-/oidc-token-hash-5.0.1.tgz",
      "integrity": "sha512-EvoOtz6FIEBzE+9q253HsLCVRiK/0doEJ2HCvvqMQb3dHZrP3WlJKYtJ55CRTw4jmYomzH4wkPuCj/I3ZvpKxQ==",
      "engines": {
        "node": "^10.13.0 || >=12.0.0"
      }
    },
    "node_modules/openid-client": {
      "version": "5.1.8",
      "resolved": "https://registry.npmjs.org/openid-client/-/openid-client-5.1.8.tgz",
      "integrity": "sha512-EPxJY6bT7YIYQEXSGxRC5flQ3GUhLy98ufdto6+BVBrFGPmwjUpy4xBcYuU/Wt9nPkO/3EgljBrr6Ezx4lp1RQ==",
      "dependencies": {
        "jose": "^4.1.4",
        "lru-cache": "^6.0.0",
        "object-hash": "^2.0.1",
        "oidc-token-hash": "^5.0.1"
      },
      "engines": {
        "node": "^12.19.0 || ^14.15.0 || ^16.13.0"
      },
      "funding": {
        "url": "https://github.com/sponsors/panva"
      }
    },
    "node_modules/picocolors": {
      "version": "1.0.0",
      "resolved": "https://registry.npmjs.org/picocolors/-/picocolors-1.0.0.tgz",
      "integrity": "sha512-1fygroTLlHu66zi26VoTDv8yRgm0Fccecssto+MhsZ0D/DGW2sm8E8AjW7NU5VVTRt5GxbeZ5qBuJr+HyLYkjQ=="
    },
    "node_modules/postcss": {
      "version": "8.4.14",
      "resolved": "https://registry.npmjs.org/postcss/-/postcss-8.4.14.tgz",
      "integrity": "sha512-E398TUmfAYFPBSdzgeieK2Y1+1cpdxJx8yXbK/m57nRhKSmk1GB2tO4lbLBtlkfPQTDKfe4Xqv1ASWPpayPEig==",
      "funding": [
        {
          "type": "opencollective",
          "url": "https://opencollective.com/postcss/"
        },
        {
          "type": "tidelift",
          "url": "https://tidelift.com/funding/github/npm/postcss"
        }
      ],
      "dependencies": {
        "nanoid": "^3.3.4",
        "picocolors": "^1.0.0",
        "source-map-js": "^1.0.2"
      },
      "engines": {
        "node": "^10 || ^12 || >=14"
      }
    },
    "node_modules/preact": {
      "version": "10.10.2",
      "resolved": "https://registry.npmjs.org/preact/-/preact-10.10.2.tgz",
      "integrity": "sha512-GUXSsfwq4NKhlLYY5ctfNE0IjFk7Xo4952yPI8yMkXdhzeQmQ+FahZITe7CeHXMPyKBVQ8SoCmGNIy9TSOdhgQ==",
      "funding": {
        "type": "opencollective",
        "url": "https://opencollective.com/preact"
      }
    },
    "node_modules/preact-render-to-string": {
      "version": "5.2.1",
      "resolved": "https://registry.npmjs.org/preact-render-to-string/-/preact-render-to-string-5.2.1.tgz",
      "integrity": "sha512-Wp3ner1aIVBpKg02C4AoLdBiw4kNaiFSYHr4wUF+fR7FWKAQzNri+iPfPp31sEhAtBfWoJrSxiEFzd5wp5zCgQ==",
      "dependencies": {
        "pretty-format": "^3.8.0"
      },
      "peerDependencies": {
        "preact": ">=10"
      }
    },
    "node_modules/pretty-format": {
      "version": "3.8.0",
      "resolved": "https://registry.npmjs.org/pretty-format/-/pretty-format-3.8.0.tgz",
      "integrity": "sha512-WuxUnVtlWL1OfZFQFuqvnvs6MiAGk9UNsBostyBOB0Is9wb5uRESevA6rnl/rkksXaGX3GzZhPup5d6Vp1nFew=="
    },
    "node_modules/react": {
      "version": "18.2.0",
      "resolved": "https://registry.npmjs.org/react/-/react-18.2.0.tgz",
      "integrity": "sha512-/3IjMdb2L9QbBdWiW5e3P2/npwMBaU9mHCSCUzNln0ZCYbcfTsGbTJrU/kGemdH2IWmB2ioZ+zkxtmq6g09fGQ==",
      "dependencies": {
        "loose-envify": "^1.1.0"
      },
      "engines": {
        "node": ">=0.10.0"
      }
    },
    "node_modules/react-dom": {
      "version": "18.2.0",
      "resolved": "https://registry.npmjs.org/react-dom/-/react-dom-18.2.0.tgz",
      "integrity": "sha512-6IMTriUmvsjHUjNtEDudZfuDQUoWXVxKHhlEGSk81n4YFS+r/Kl99wXiwlVXtPBtJenozv2P+hxDsw9eA7Xo6g==",
      "dependencies": {
        "loose-envify": "^1.1.0",
        "scheduler": "^0.23.0"
      },
      "peerDependencies": {
        "react": "^18.2.0"
      }
    },
    "node_modules/regenerator-runtime": {
      "version": "0.13.9",
      "resolved": "https://registry.npmjs.org/regenerator-runtime/-/regenerator-runtime-0.13.9.tgz",
      "integrity": "sha512-p3VT+cOEgxFsRRA9X4lkI1E+k2/CtnKtU4gcxyaCUreilL/vqI6CdZ3wxVUx3UOUg+gnUOQQcRI7BmSI656MYA=="
    },
    "node_modules/scheduler": {
      "version": "0.23.0",
      "resolved": "https://registry.npmjs.org/scheduler/-/scheduler-0.23.0.tgz",
      "integrity": "sha512-CtuThmgHNg7zIZWAXi3AsyIzA3n4xx7aNyjwC2VJldO2LMVDhFK+63xGqq6CsJH4rTAt6/M+N4GhZiDYPx9eUw==",
      "dependencies": {
        "loose-envify": "^1.1.0"
      }
    },
    "node_modules/source-map-js": {
      "version": "1.0.2",
      "resolved": "https://registry.npmjs.org/source-map-js/-/source-map-js-1.0.2.tgz",
      "integrity": "sha512-R0XvVJ9WusLiqTCEiGCmICCMplcCkIwwR11mOSD9CR5u+IXYdiseeEuXCVAjS54zqwkLcPNnmU4OeJ6tUrWhDw==",
      "engines": {
        "node": ">=0.10.0"
      }
    },
    "node_modules/tslib": {
      "version": "2.4.0",
      "resolved": "https://registry.npmjs.org/tslib/-/tslib-2.4.0.tgz",
      "integrity": "sha512-d6xOpEDfsi2CZVlPQzGeux8XMwLT9hssAsaPYExaQMuYskwb+x1x7J371tWlbBdWHroy99KnVB6qIkUbs5X3UQ=="
    },
    "node_modules/typescript": {
      "version": "4.7.4",
      "resolved": "https://registry.npmjs.org/typescript/-/typescript-4.7.4.tgz",
      "integrity": "sha512-C0WQT0gezHuw6AdY1M2jxUO83Rjf0HP7Sk1DtXj6j1EwkQNZrHAg2XPWlq62oqEhYvONq5pkC2Y9oPljWToLmQ==",
      "dev": true,
      "bin": {
        "tsc": "bin/tsc",
        "tsserver": "bin/tsserver"
      },
      "engines": {
        "node": ">=4.2.0"
      }
    },
    "node_modules/use-sync-external-store": {
      "version": "1.2.0",
      "resolved": "https://registry.npmjs.org/use-sync-external-store/-/use-sync-external-store-1.2.0.tgz",
      "integrity": "sha512-eEgnFxGQ1Ife9bzYs6VLi8/4X6CObHMw9Qr9tPY43iKwsPw8xE8+EFsf/2cFZ5S3esXgpWgtSCtLNS41F+sKPA==",
      "peerDependencies": {
        "react": "^16.8.0 || ^17.0.0 || ^18.0.0"
      }
    },
    "node_modules/uuid": {
      "version": "8.3.2",
      "resolved": "https://registry.npmjs.org/uuid/-/uuid-8.3.2.tgz",
      "integrity": "sha512-+NYs2QeMWy+GWFOEm9xnn6HCDp0l7QBD7ml8zLUmJ+93Q5NF0NocErnwkTkXVFNiX3/fpC6afS8Dhb/gz7R7eg==",
      "bin": {
        "uuid": "dist/bin/uuid"
      }
    },
    "node_modules/yallist": {
      "version": "4.0.0",
      "resolved": "https://registry.npmjs.org/yallist/-/yallist-4.0.0.tgz",
      "integrity": "sha512-3wdGidZyq5PB084XLES5TpOSRA3wjXAlIWMhum2kRcv/41Sn2emQ0dycQW4uZXLejwKvg6EsvbdlVL+FYEct7A=="
    }
  },
  "dependencies": {
    "@babel/runtime": {
      "version": "7.18.9",
      "resolved": "https://registry.npmjs.org/@babel/runtime/-/runtime-7.18.9.tgz",
      "integrity": "sha512-lkqXDcvlFT5rvEjiu6+QYO+1GXrEHRo2LOtS7E4GtX5ESIZOgepqsZBVIj6Pv+a6zqsya9VCgiK1KAK4BvJDAw==",
      "requires": {
        "regenerator-runtime": "^0.13.4"
      }
    },
    "@next/env": {
      "version": "12.2.5-canary.4",
      "resolved": "https://registry.npmjs.org/@next/env/-/env-12.2.5-canary.4.tgz",
      "integrity": "sha512-zg1HLMDwV+tSArHTytwtHDk1WNkC/jkLj1c6QsJ09J4pcA716YNsh5RAe+4mniKk/S5PQoMwM+hDT2LIiWas2g=="
    },
    "@next/swc-android-arm-eabi": {
      "version": "12.2.5-canary.4",
      "resolved": "https://registry.npmjs.org/@next/swc-android-arm-eabi/-/swc-android-arm-eabi-12.2.5-canary.4.tgz",
      "integrity": "sha512-Akd9rpyrsmmv6+5LBvV6ZGMr4hj+QyYoWUn2mnXYnNRi9XKeu2yX9lQWGCYVGRPVxrZ7/Fu2Egqp4xBId/EsTw==",
      "optional": true
    },
    "@next/swc-android-arm64": {
      "version": "12.2.5-canary.4",
      "resolved": "https://registry.npmjs.org/@next/swc-android-arm64/-/swc-android-arm64-12.2.5-canary.4.tgz",
      "integrity": "sha512-UR9WtowrjQB3+PnG1Wk5liaUGoOchg1dQelQTuTN2fGBwX0OCboKvk+O3e4BXSr+t3Ugi7UlgoRmWUe/Yl2Ekg==",
      "optional": true
    },
    "@next/swc-darwin-arm64": {
      "version": "12.2.5-canary.4",
      "resolved": "https://registry.npmjs.org/@next/swc-darwin-arm64/-/swc-darwin-arm64-12.2.5-canary.4.tgz",
      "integrity": "sha512-dtkI6lx96Br10KlIt0OP12j49Anu26XwpAVUAqgttmCdpU3IsoTEJEWhlXDU5JqjSEZEX9WcB+FMXeiSAanM4w==",
      "optional": true
    },
    "@next/swc-darwin-x64": {
      "version": "12.2.5-canary.4",
      "resolved": "https://registry.npmjs.org/@next/swc-darwin-x64/-/swc-darwin-x64-12.2.5-canary.4.tgz",
      "integrity": "sha512-6hwXnGD9hYOm7FVXhSDnLC2lMHXqeFQn4vviNF0wLzeFTjB3Tb2R0Db45L1g7gfs2KI6U0xdwrpL842LsY4Wlg==",
      "optional": true
    },
    "@next/swc-freebsd-x64": {
      "version": "12.2.5-canary.4",
      "resolved": "https://registry.npmjs.org/@next/swc-freebsd-x64/-/swc-freebsd-x64-12.2.5-canary.4.tgz",
      "integrity": "sha512-mv8IrHIxxaOgah5P8pfhmqSCBpvzbmnyNBIIp1UMh0x0jElUBrCrNbz1dHPu5XmROEuigvfVp3yEBRrM5AIp/w==",
      "optional": true
    },
    "@next/swc-linux-arm-gnueabihf": {
      "version": "12.2.5-canary.4",
      "resolved": "https://registry.npmjs.org/@next/swc-linux-arm-gnueabihf/-/swc-linux-arm-gnueabihf-12.2.5-canary.4.tgz",
      "integrity": "sha512-PP0LXA9g1byV9j6+eLuLdPpS+DII0AkXvkgBJvcLAY5tuZeMfloRsPUuglbX/K+4WIlNU3kpf24SEBsuM0tVIA==",
      "optional": true
    },
    "@next/swc-linux-arm64-gnu": {
      "version": "12.2.5-canary.4",
      "resolved": "https://registry.npmjs.org/@next/swc-linux-arm64-gnu/-/swc-linux-arm64-gnu-12.2.5-canary.4.tgz",
      "integrity": "sha512-GqzYxIuQeEbja8KUTW/Uj/ksP4cnYMj9SyOjQ3Ijl5bnszylsQgaHyJwwODoX/qbqhDeYj77z7ZJktfgBKo0Bg==",
      "optional": true
    },
    "@next/swc-linux-arm64-musl": {
      "version": "12.2.5-canary.4",
      "resolved": "https://registry.npmjs.org/@next/swc-linux-arm64-musl/-/swc-linux-arm64-musl-12.2.5-canary.4.tgz",
      "integrity": "sha512-f7OHc0l2LIY7Q+898Zk53Qj6jx6Ay9CIram1JT4xDmOBx34D34WFnbmwf5hcKxbK0SVaWB6rYynJVAgH1DkkzQ==",
      "optional": true
    },
    "@next/swc-linux-x64-gnu": {
      "version": "12.2.5-canary.4",
      "resolved": "https://registry.npmjs.org/@next/swc-linux-x64-gnu/-/swc-linux-x64-gnu-12.2.5-canary.4.tgz",
      "integrity": "sha512-2tMSC9BEeXsmNvzu0gdLapr4R9KQS/1Ir+O/j2sfmVSIvCZl49k6JTpsbP7YAB2vBnflwvA3Mt9KtYu9C39AVg==",
      "optional": true
    },
    "@next/swc-linux-x64-musl": {
      "version": "12.2.5-canary.4",
      "resolved": "https://registry.npmjs.org/@next/swc-linux-x64-musl/-/swc-linux-x64-musl-12.2.5-canary.4.tgz",
      "integrity": "sha512-9ASdeW9WIvw3/HC5gxaPvGd9ozNCZE2bPqYYZeAY55dC5JcEQlx66xeCh7Nxz7oRVyGHP1E5b+y598rBQ/HNwQ==",
      "optional": true
    },
    "@next/swc-win32-arm64-msvc": {
      "version": "12.2.5-canary.4",
      "resolved": "https://registry.npmjs.org/@next/swc-win32-arm64-msvc/-/swc-win32-arm64-msvc-12.2.5-canary.4.tgz",
      "integrity": "sha512-CK/EyHxmpRzTm3Yg9CxSdxy9HRDtniQOD907KZ2nrd1cdfGrY7ZJMgGOv6uxdNhHlGWNWYiVOk6RI5yGM8IX5w==",
      "optional": true
    },
    "@next/swc-win32-ia32-msvc": {
      "version": "12.2.5-canary.4",
      "resolved": "https://registry.npmjs.org/@next/swc-win32-ia32-msvc/-/swc-win32-ia32-msvc-12.2.5-canary.4.tgz",
      "integrity": "sha512-+Xi/2l61HxlAsex6T28D64XZAfXPfn+UGnXl2iXtzKqYO9rhFO4erbLpMkJXKMJaH5Nn7MnT4nX3hVSl9adQ2A==",
      "optional": true
    },
    "@next/swc-win32-x64-msvc": {
      "version": "12.2.5-canary.4",
      "resolved": "https://registry.npmjs.org/@next/swc-win32-x64-msvc/-/swc-win32-x64-msvc-12.2.5-canary.4.tgz",
      "integrity": "sha512-VgEYUZYQnSCZMahezzROwPeMu9paH8EvCtAd0koRs7e6Zi67ERpwSCbRnaT+foKha69Re0WzGUrkvTjo1hP7ZQ==",
      "optional": true
    },
    "@panva/hkdf": {
      "version": "1.0.2",
      "resolved": "https://registry.npmjs.org/@panva/hkdf/-/hkdf-1.0.2.tgz",
      "integrity": "sha512-MSAs9t3Go7GUkMhpKC44T58DJ5KGk2vBo+h1cqQeqlMfdGkxaVB78ZWpv9gYi/g2fa4sopag9gJsNvS8XGgWJA=="
    },
    "@swc/helpers": {
      "version": "0.4.3",
      "resolved": "https://registry.npmjs.org/@swc/helpers/-/helpers-0.4.3.tgz",
      "integrity": "sha512-6JrF+fdUK2zbGpJIlN7G3v966PQjyx/dPt1T9km2wj+EUBqgrxCk3uX4Kct16MIm9gGxfKRcfax2hVf5jvlTzA==",
      "requires": {
        "tslib": "^2.4.0"
      }
    },
    "@types/node": {
      "version": "17.0.45",
      "resolved": "https://registry.npmjs.org/@types/node/-/node-17.0.45.tgz",
      "integrity": "sha512-w+tIMs3rq2afQdsPJlODhoUEKzFP1ayaoyl1CcnwtIlsVe7K7bA1NGm4s3PraqTLlXnbIN84zuBlxBWo1u9BLw==",
      "dev": true
    },
    "@types/prop-types": {
      "version": "15.7.5",
      "resolved": "https://registry.npmjs.org/@types/prop-types/-/prop-types-15.7.5.tgz",
      "integrity": "sha512-JCB8C6SnDoQf0cNycqd/35A7MjcnK+ZTqE7judS6o7utxUCg6imJg3QK2qzHKszlTjcj2cn+NwMB2i96ubpj7w==",
      "dev": true
    },
    "@types/react": {
      "version": "18.0.17",
      "resolved": "https://registry.npmjs.org/@types/react/-/react-18.0.17.tgz",
      "integrity": "sha512-38ETy4tL+rn4uQQi7mB81G7V1g0u2ryquNmsVIOKUAEIDK+3CUjZ6rSRpdvS99dNBnkLFL83qfmtLacGOTIhwQ==",
      "dev": true,
      "requires": {
        "@types/prop-types": "*",
        "@types/scheduler": "*",
        "csstype": "^3.0.2"
      }
    },
    "@types/scheduler": {
      "version": "0.16.2",
      "resolved": "https://registry.npmjs.org/@types/scheduler/-/scheduler-0.16.2.tgz",
      "integrity": "sha512-hppQEBDmlwhFAXKJX2KnWLYu5yMfi91yazPb2l+lbJiwW+wdo1gNeRA+3RgNSO39WYX2euey41KEwnqesU2Jew==",
      "dev": true
    },
    "caniuse-lite": {
      "version": "1.0.30001375",
      "resolved": "https://registry.npmjs.org/caniuse-lite/-/caniuse-lite-1.0.30001375.tgz",
      "integrity": "sha512-kWIMkNzLYxSvnjy0hL8w1NOaWNr2rn39RTAVyIwcw8juu60bZDWiF1/loOYANzjtJmy6qPgNmn38ro5Pygagdw=="
    },
    "cookie": {
      "version": "0.4.2",
      "resolved": "https://registry.npmjs.org/cookie/-/cookie-0.4.2.tgz",
      "integrity": "sha512-aSWTXFzaKWkvHO1Ny/s+ePFpvKsPnjc551iI41v3ny/ow6tBG5Vd+FuqGNhh1LxOmVzOlGUriIlOaokOvhaStA=="
    },
    "csstype": {
      "version": "3.1.0",
      "resolved": "https://registry.npmjs.org/csstype/-/csstype-3.1.0.tgz",
      "integrity": "sha512-uX1KG+x9h5hIJsaKR9xHUeUraxf8IODOwq9JLNPq6BwB04a/xgpq3rcx47l5BZu5zBPlgD342tdke3Hom/nJRA==",
      "dev": true
    },
    "jose": {
      "version": "4.8.3",
      "resolved": "https://registry.npmjs.org/jose/-/jose-4.8.3.tgz",
      "integrity": "sha512-7rySkpW78d8LBp4YU70Wb7+OTgE3OwAALNVZxhoIhp4Kscp+p/fBkdpxGAMKxvCAMV4QfXBU9m6l9nX/vGwd2g=="
    },
    "js-tokens": {
      "version": "4.0.0",
      "resolved": "https://registry.npmjs.org/js-tokens/-/js-tokens-4.0.0.tgz",
      "integrity": "sha512-RdJUflcE3cUzKiMqQgsCu06FPu9UdIJO0beYbPhHN4k6apgJtifcoCtT9bcxOpYBtpD2kCM6Sbzg4CausW/PKQ=="
    },
    "loose-envify": {
      "version": "1.4.0",
      "resolved": "https://registry.npmjs.org/loose-envify/-/loose-envify-1.4.0.tgz",
      "integrity": "sha512-lyuxPGr/Wfhrlem2CL/UcnUc1zcqKAImBDzukY7Y5F/yQiNdko6+fRLevlw1HgMySw7f611UIY408EtxRSoK3Q==",
      "requires": {
        "js-tokens": "^3.0.0 || ^4.0.0"
      }
    },
    "lru-cache": {
      "version": "6.0.0",
      "resolved": "https://registry.npmjs.org/lru-cache/-/lru-cache-6.0.0.tgz",
      "integrity": "sha512-Jo6dJ04CmSjuznwJSS3pUeWmd/H0ffTlkXXgwZi+eq1UCmqQwCh+eLsYOYCwY991i2Fah4h1BEMCx4qThGbsiA==",
      "requires": {
        "yallist": "^4.0.0"
      }
    },
    "nanoid": {
      "version": "3.3.4",
      "resolved": "https://registry.npmjs.org/nanoid/-/nanoid-3.3.4.tgz",
      "integrity": "sha512-MqBkQh/OHTS2egovRtLk45wEyNXwF+cokD+1YPf9u5VfJiRdAiRwB2froX5Co9Rh20xs4siNPm8naNotSD6RBw=="
    },
    "next": {
      "version": "12.2.5-canary.4",
      "resolved": "https://registry.npmjs.org/next/-/next-12.2.5-canary.4.tgz",
      "integrity": "sha512-RHXm6ZfG5HsLM63E/NgOvl8CT5kUy+RlEdW4rqpF0gSVK5qj8H/E/zXcc1QKwGQy2ndyKwVo2n1s00E1Fy661g==",
      "requires": {
        "@next/env": "12.2.5-canary.4",
        "@next/swc-android-arm-eabi": "12.2.5-canary.4",
        "@next/swc-android-arm64": "12.2.5-canary.4",
        "@next/swc-darwin-arm64": "12.2.5-canary.4",
        "@next/swc-darwin-x64": "12.2.5-canary.4",
        "@next/swc-freebsd-x64": "12.2.5-canary.4",
        "@next/swc-linux-arm-gnueabihf": "12.2.5-canary.4",
        "@next/swc-linux-arm64-gnu": "12.2.5-canary.4",
        "@next/swc-linux-arm64-musl": "12.2.5-canary.4",
        "@next/swc-linux-x64-gnu": "12.2.5-canary.4",
        "@next/swc-linux-x64-musl": "12.2.5-canary.4",
        "@next/swc-win32-arm64-msvc": "12.2.5-canary.4",
        "@next/swc-win32-ia32-msvc": "12.2.5-canary.4",
        "@next/swc-win32-x64-msvc": "12.2.5-canary.4",
        "@swc/helpers": "0.4.3",
        "caniuse-lite": "^1.0.30001332",
        "postcss": "8.4.14",
        "use-sync-external-store": "1.2.0"
      }
    },
    "next-auth": {
      "version": "4.10.3",
      "resolved": "https://registry.npmjs.org/next-auth/-/next-auth-4.10.3.tgz",
      "integrity": "sha512-7zc4aXYc/EEln7Pkcsn21V1IevaTZsMLJwapfbnKA4+JY0+jFzWbt5p/ljugesGIrN4VOZhpZIw50EaFZyghJQ==",
      "requires": {
        "@babel/runtime": "^7.16.3",
        "@panva/hkdf": "^1.0.1",
        "cookie": "^0.4.1",
        "jose": "^4.3.7",
        "oauth": "^0.9.15",
        "openid-client": "^5.1.0",
        "preact": "^10.6.3",
        "preact-render-to-string": "^5.1.19",
        "uuid": "^8.3.2"
      }
    },
    "nodemailer": {
      "version": "6.7.7",
      "resolved": "https://registry.npmjs.org/nodemailer/-/nodemailer-6.7.7.tgz",
      "integrity": "sha512-pOLC/s+2I1EXuSqO5Wa34i3kXZG3gugDssH+ZNCevHad65tc8vQlCQpOLaUjopvkRQKm2Cki2aME7fEOPRy3bA=="
    },
    "oauth": {
      "version": "0.9.15",
      "resolved": "https://registry.npmjs.org/oauth/-/oauth-0.9.15.tgz",
      "integrity": "sha512-a5ERWK1kh38ExDEfoO6qUHJb32rd7aYmPHuyCu3Fta/cnICvYmgd2uhuKXvPD+PXB+gCEYYEaQdIRAjCOwAKNA=="
    },
    "object-hash": {
      "version": "2.2.0",
      "resolved": "https://registry.npmjs.org/object-hash/-/object-hash-2.2.0.tgz",
      "integrity": "sha512-gScRMn0bS5fH+IuwyIFgnh9zBdo4DV+6GhygmWM9HyNJSgS0hScp1f5vjtm7oIIOiT9trXrShAkLFSc2IqKNgw=="
    },
    "oidc-token-hash": {
      "version": "5.0.1",
      "resolved": "https://registry.npmjs.org/oidc-token-hash/-/oidc-token-hash-5.0.1.tgz",
      "integrity": "sha512-EvoOtz6FIEBzE+9q253HsLCVRiK/0doEJ2HCvvqMQb3dHZrP3WlJKYtJ55CRTw4jmYomzH4wkPuCj/I3ZvpKxQ=="
    },
    "openid-client": {
      "version": "5.1.8",
      "resolved": "https://registry.npmjs.org/openid-client/-/openid-client-5.1.8.tgz",
      "integrity": "sha512-EPxJY6bT7YIYQEXSGxRC5flQ3GUhLy98ufdto6+BVBrFGPmwjUpy4xBcYuU/Wt9nPkO/3EgljBrr6Ezx4lp1RQ==",
      "requires": {
        "jose": "^4.1.4",
        "lru-cache": "^6.0.0",
        "object-hash": "^2.0.1",
        "oidc-token-hash": "^5.0.1"
      }
    },
    "picocolors": {
      "version": "1.0.0",
      "resolved": "https://registry.npmjs.org/picocolors/-/picocolors-1.0.0.tgz",
      "integrity": "sha512-1fygroTLlHu66zi26VoTDv8yRgm0Fccecssto+MhsZ0D/DGW2sm8E8AjW7NU5VVTRt5GxbeZ5qBuJr+HyLYkjQ=="
    },
    "postcss": {
      "version": "8.4.14",
      "resolved": "https://registry.npmjs.org/postcss/-/postcss-8.4.14.tgz",
      "integrity": "sha512-E398TUmfAYFPBSdzgeieK2Y1+1cpdxJx8yXbK/m57nRhKSmk1GB2tO4lbLBtlkfPQTDKfe4Xqv1ASWPpayPEig==",
      "requires": {
        "nanoid": "^3.3.4",
        "picocolors": "^1.0.0",
        "source-map-js": "^1.0.2"
      }
    },
    "preact": {
      "version": "10.10.2",
      "resolved": "https://registry.npmjs.org/preact/-/preact-10.10.2.tgz",
      "integrity": "sha512-GUXSsfwq4NKhlLYY5ctfNE0IjFk7Xo4952yPI8yMkXdhzeQmQ+FahZITe7CeHXMPyKBVQ8SoCmGNIy9TSOdhgQ=="
    },
    "preact-render-to-string": {
      "version": "5.2.1",
      "resolved": "https://registry.npmjs.org/preact-render-to-string/-/preact-render-to-string-5.2.1.tgz",
      "integrity": "sha512-Wp3ner1aIVBpKg02C4AoLdBiw4kNaiFSYHr4wUF+fR7FWKAQzNri+iPfPp31sEhAtBfWoJrSxiEFzd5wp5zCgQ==",
      "requires": {
        "pretty-format": "^3.8.0"
      }
    },
    "pretty-format": {
      "version": "3.8.0",
      "resolved": "https://registry.npmjs.org/pretty-format/-/pretty-format-3.8.0.tgz",
      "integrity": "sha512-WuxUnVtlWL1OfZFQFuqvnvs6MiAGk9UNsBostyBOB0Is9wb5uRESevA6rnl/rkksXaGX3GzZhPup5d6Vp1nFew=="
    },
    "react": {
      "version": "18.2.0",
      "resolved": "https://registry.npmjs.org/react/-/react-18.2.0.tgz",
      "integrity": "sha512-/3IjMdb2L9QbBdWiW5e3P2/npwMBaU9mHCSCUzNln0ZCYbcfTsGbTJrU/kGemdH2IWmB2ioZ+zkxtmq6g09fGQ==",
      "requires": {
        "loose-envify": "^1.1.0"
      }
    },
    "react-dom": {
      "version": "18.2.0",
      "resolved": "https://registry.npmjs.org/react-dom/-/react-dom-18.2.0.tgz",
      "integrity": "sha512-6IMTriUmvsjHUjNtEDudZfuDQUoWXVxKHhlEGSk81n4YFS+r/Kl99wXiwlVXtPBtJenozv2P+hxDsw9eA7Xo6g==",
      "requires": {
        "loose-envify": "^1.1.0",
        "scheduler": "^0.23.0"
      }
    },
    "regenerator-runtime": {
      "version": "0.13.9",
      "resolved": "https://registry.npmjs.org/regenerator-runtime/-/regenerator-runtime-0.13.9.tgz",
      "integrity": "sha512-p3VT+cOEgxFsRRA9X4lkI1E+k2/CtnKtU4gcxyaCUreilL/vqI6CdZ3wxVUx3UOUg+gnUOQQcRI7BmSI656MYA=="
    },
    "scheduler": {
      "version": "0.23.0",
      "resolved": "https://registry.npmjs.org/scheduler/-/scheduler-0.23.0.tgz",
      "integrity": "sha512-CtuThmgHNg7zIZWAXi3AsyIzA3n4xx7aNyjwC2VJldO2LMVDhFK+63xGqq6CsJH4rTAt6/M+N4GhZiDYPx9eUw==",
      "requires": {
        "loose-envify": "^1.1.0"
      }
    },
    "source-map-js": {
      "version": "1.0.2",
      "resolved": "https://registry.npmjs.org/source-map-js/-/source-map-js-1.0.2.tgz",
      "integrity": "sha512-R0XvVJ9WusLiqTCEiGCmICCMplcCkIwwR11mOSD9CR5u+IXYdiseeEuXCVAjS54zqwkLcPNnmU4OeJ6tUrWhDw=="
    },
    "tslib": {
      "version": "2.4.0",
      "resolved": "https://registry.npmjs.org/tslib/-/tslib-2.4.0.tgz",
      "integrity": "sha512-d6xOpEDfsi2CZVlPQzGeux8XMwLT9hssAsaPYExaQMuYskwb+x1x7J371tWlbBdWHroy99KnVB6qIkUbs5X3UQ=="
    },
    "typescript": {
      "version": "4.7.4",
      "resolved": "https://registry.npmjs.org/typescript/-/typescript-4.7.4.tgz",
      "integrity": "sha512-C0WQT0gezHuw6AdY1M2jxUO83Rjf0HP7Sk1DtXj6j1EwkQNZrHAg2XPWlq62oqEhYvONq5pkC2Y9oPljWToLmQ==",
      "dev": true
    },
    "use-sync-external-store": {
      "version": "1.2.0",
      "resolved": "https://registry.npmjs.org/use-sync-external-store/-/use-sync-external-store-1.2.0.tgz",
      "integrity": "sha512-eEgnFxGQ1Ife9bzYs6VLi8/4X6CObHMw9Qr9tPY43iKwsPw8xE8+EFsf/2cFZ5S3esXgpWgtSCtLNS41F+sKPA==",
      "requires": {}
    },
    "uuid": {
      "version": "8.3.2",
      "resolved": "https://registry.npmjs.org/uuid/-/uuid-8.3.2.tgz",
      "integrity": "sha512-+NYs2QeMWy+GWFOEm9xnn6HCDp0l7QBD7ml8zLUmJ+93Q5NF0NocErnwkTkXVFNiX3/fpC6afS8Dhb/gz7R7eg=="
    },
    "yallist": {
      "version": "4.0.0",
      "resolved": "https://registry.npmjs.org/yallist/-/yallist-4.0.0.tgz",
      "integrity": "sha512-3wdGidZyq5PB084XLES5TpOSRA3wjXAlIWMhum2kRcv/41Sn2emQ0dycQW4uZXLejwKvg6EsvbdlVL+FYEct7A=="
    }
  }
}
